
Microsoft Visual Studio Solution File, Format Version 12.00
# Visual Studio Version 17
VisualStudioVersion = 17.5.33627.172
MinimumVisualStudioVersion = 10.0.40219.1
Project("{FAE04EC0-301F-11D3-BF4B-00C04F79EFBC}") = "TrainwareShappire", "TrainwareShappire\TrainwareShappire.csproj", "{61976144-85D7-4055-8683-9065DF1591A7}"
EndProject
Global
	GlobalSection(SolutionConfigurationPlatforms) = preSolution
		Debug|Any CPU = Debug|Any CPU
		Release|Any CPU = Release|Any CPU
	EndGlobalSection
	GlobalSection(ProjectConfigurationPlatforms) = postSolution
		{61976144-85D7-4055-8683-9065DF1591A7}.Debug|Any CPU.ActiveCfg = Debug|Any CPU
		{61976144-85D7-4055-8683-9065DF1591A7}.Debug|Any CPU.Build.0 = Debug|Any CPU
		{61976144-85D7-4055-8683-9065DF1591A7}.Release|Any CPU.ActiveCfg = Release|Any CPU
		{61976144-85D7-4055-8683-9065DF1591A7}.Release|Any CPU.Build.0 = Release|Any CPU
	EndGlobalSection
	GlobalSection(SolutionProperties) = preSolution
		HideSolutionNode = FALSE
	EndGlobalSection
	GlobalSection(ExtensibilityGlobals) = postSolution
		SolutionGuid = {DE3C976A-DC26-434E-8EC0-0F520D083E06}
	EndGlobalSection
EndGlobal
